<?xml version="1.0" encoding="utf-8"?>
<Project ToolsVersion="4.0" xmlns="http://schemas.microsoft.com/developer/msbuild/2003">
  <ItemGroup>
    <Filter Include="ソース ファイル">
      <UniqueIdentifier>{4FC737F1-C7A5-4376-A066-2A32D752A2FF}</UniqueIdentifier>
      <Extensions>cpp;c;cc;cxx;c++;cppm;ixx;def;odl;idl;hpj;bat;asm;asmx</Extensions>
    </Filter>
    <Filter Include="ヘッダー ファイル">
      <UniqueIdentifier>{93995380-89BD-4b04-88EB-625FBE52EBFB}</UniqueIdentifier>
      <Extensions>h;hh;hpp;hxx;h++;hm;inl;inc;ipp;xsd</Extensions>
    </Filter>
    <Filter Include="リソース ファイル">
      <UniqueIdentifier>{67DA6AB6-F800-4c08-8B7A-83BB121AAD01}</UniqueIdentifier>
      <Extensions>rc;ico;cur;bmp;dlg;rc2;rct;bin;rgs;gif;jpg;jpeg;jpe;resx;tiff;tif;png;wav;mfcribbon-ms</Extensions>
    </Filter>
    <Filter Include="ヘッダー ファイル\Original">
      <UniqueIdentifier>{4cd51b42-4ca9-4b87-ade4-d3d2f5414107}</UniqueIdentifier>
    </Filter>
    <Filter Include="ソース ファイル\Scene">
      <UniqueIdentifier>{c8002774-c39e-42fb-a64e-61cafd5ce2c8}</UniqueIdentifier>
    </Filter>
    <Filter Include="ソース ファイル\OriginalMethod">
      <UniqueIdentifier>{6af71f08-75c9-4c9f-b078-9d208dd6b798}</UniqueIdentifier>
    </Filter>
    <Filter Include="ソース ファイル\OriginalMethod\InputSystem">
      <UniqueIdentifier>{97ab4013-2db1-47c0-be9f-e10b5b1c18d0}</UniqueIdentifier>
    </Filter>
    <Filter Include="ソース ファイル\Player">
      <UniqueIdentifier>{53fffc3d-5704-456a-8340-aaa07647cdbf}</UniqueIdentifier>
    </Filter>
    <Filter Include="ヘッダー ファイル\Player">
      <UniqueIdentifier>{e16cd525-0497-40b6-86dd-5317ae22a265}</UniqueIdentifier>
    </Filter>
    <Filter Include="ヘッダー ファイル\Scene">
      <UniqueIdentifier>{d96a7574-561d-43e2-9cd2-2f79b64c344a}</UniqueIdentifier>
    </Filter>
    <Filter Include="ヘッダー ファイル\Board">
      <UniqueIdentifier>{58b0f74b-155f-4672-8c7a-ffe3e1e2bf6b}</UniqueIdentifier>
    </Filter>
    <Filter Include="ソース ファイル\Board">
      <UniqueIdentifier>{af8f14e9-1fbd-4ad0-aa9a-9df919baa093}</UniqueIdentifier>
    </Filter>
  </ItemGroup>
  <ItemGroup>
    <ClCompile Include="Main.cpp">
      <Filter>ソース ファイル</Filter>
    </ClCompile>
    <ClCompile Include="Vector2.cpp">
      <Filter>ソース ファイル\OriginalMethod</Filter>
    </ClCompile>
    <ClCompile Include="Color.cpp">
      <Filter>ソース ファイル\OriginalMethod</Filter>
    </ClCompile>
    <ClCompile Include="KeyBoard.cpp">
      <Filter>ソース ファイル\OriginalMethod\InputSystem</Filter>
    </ClCompile>
    <ClCompile Include="Mouse.cpp">
      <Filter>ソース ファイル\OriginalMethod\InputSystem</Filter>
    </ClCompile>
    <ClCompile Include="SceneManager.cpp">
      <Filter>ソース ファイル</Filter>
    </ClCompile>
    <ClCompile Include="GameDirecter.cpp">
      <Filter>ソース ファイル\Scene</Filter>
    </ClCompile>
    <ClCompile Include="ComonDirecter.cpp">
      <Filter>ソース ファイル\Scene</Filter>
    </ClCompile>
    <ClCompile Include="PlayerController.cpp">
      <Filter>ソース ファイル\Player</Filter>
    </ClCompile>
    <ClCompile Include="TitleDirecter.cpp">
      <Filter>ソース ファイル\Scene</Filter>
    </ClCompile>
    <ClCompile Include="Font.cpp">
      <Filter>ソース ファイル\OriginalMethod</Filter>
    </ClCompile>
    <ClCompile Include="RigidBody2D.cpp">
      <Filter>ソース ファイル\OriginalMethod</Filter>
    </ClCompile>
    <ClCompile Include="Fps.cpp">
      <Filter>ソース ファイル\OriginalMethod</Filter>
    </ClCompile>
    <ClCompile Include="EndUI.cpp">
      <Filter>ソース ファイル</Filter>
    </ClCompile>
    <ClCompile Include="Btn.cpp">
      <Filter>ソース ファイル\OriginalMethod</Filter>
    </ClCompile>
    <ClCompile Include="Box.cpp">
      <Filter>ソース ファイル\Board</Filter>
    </ClCompile>
    <ClCompile Include="Bord.cpp">
      <Filter>ソース ファイル\Board</Filter>
    </ClCompile>
    <ClCompile Include="Text.cpp">
      <Filter>ソース ファイル\OriginalMethod</Filter>
    </ClCompile>
  </ItemGroup>
  <ItemGroup>
    <ClInclude Include="ProjConf.h">
      <Filter>ヘッダー ファイル</Filter>
    </ClInclude>
    <ClInclude Include="Sub.h">
      <Filter>ヘッダー ファイル</Filter>
    </ClInclude>
    <ClInclude Include="Main.h">
      <Filter>ヘッダー ファイル</Filter>
    </ClInclude>
    <ClInclude Include="InputSystem.h">
      <Filter>ヘッダー ファイル\Original</Filter>
    </ClInclude>
    <ClInclude Include="OriginalClass.h">
      <Filter>ヘッダー ファイル\Original</Filter>
    </ClInclude>
    <ClInclude Include="SceneManager.h">
      <Filter>ヘッダー ファイル</Filter>
    </ClInclude>
    <ClInclude Include="GameDirecter.h">
      <Filter>ヘッダー ファイル\Scene</Filter>
    </ClInclude>
    <ClInclude Include="ComonDirecter.h">
      <Filter>ヘッダー ファイル\Scene</Filter>
    </ClInclude>
    <ClInclude Include="PlayerController.h">
      <Filter>ヘッダー ファイル\Player</Filter>
    </ClInclude>
    <ClInclude Include="TitleDirecter.h">
      <Filter>ヘッダー ファイル\Scene</Filter>
    </ClInclude>
    <ClInclude Include="EndUI.h">
      <Filter>ヘッダー ファイル</Filter>
    </ClInclude>
    <ClInclude Include="Board.h">
      <Filter>ヘッダー ファイル\Board</Filter>
    </ClInclude>
    <ClInclude Include="Box.h">
      <Filter>ヘッダー ファイル\Board</Filter>
    </ClInclude>
    <ClInclude Include="WindowData.h">
      <Filter>ヘッダー ファイル</Filter>
    </ClInclude>
  </ItemGroup>
</Project>